<?xml version="1.0" encoding="utf-8"?>
<Project ToolsVersion="4.0" xmlns="http://schemas.microsoft.com/developer/msbuild/2003">
  <ItemGroup>
    <ClCompile Include="AudioDevice.cpp" />
    <ClCompile Include="test.cpp" />
    <ClCompile Include="WaveAudioRecorder.cpp" />
  </ItemGroup>
  <ItemGroup>
    <ClInclude Include="AudioDevice.h" />
    <ClInclude Include="AudioDeviceId.h" />
    <ClInclude Include="AudioRecorderType.h" />
    <ClInclude Include="IAudioRecorder.h" />
    <ClInclude Include="IAudioStream.h" />
    <ClInclude Include="WaveAudioRecorder.h" />
    <ClInclude Include="ComInit.h" />
    <ClInclude Include="ComException.h">
      <Filter>EH</Filter>
    </ClInclude>
    <ClInclude Include="Win32Exception.h">
      <Filter>EH</Filter>
    </ClInclude>
    <ClInclude Include="Exception.h">
      <Filter>EH</Filter>
    </ClInclude>
  </ItemGroup>
  <ItemGroup>
    <Text Include="todo.txt" />
  </ItemGroup>
  <ItemGroup>
    <Filter Include="EH">
      <UniqueIdentifier>{d274014d-a9cb-40f2-88c4-0f16e97a694d}</UniqueIdentifier>
    </Filter>
  </ItemGroup>
</Project>